
Microsoft Visual Studio Solution File, Format Version 12.00
# Visual Studio Version 16
VisualStudioVersion = 16.0.30114.105
MinimumVisualStudioVersion = 10.0.40219.1
Project("{2150E333-8FDC-42A3-9474-1A3956D46DE8}") = "src", "src", "{6A8CA149-A7E4-4EF6-8233-D9E7CA6C415E}"
EndProject
Project("{FAE04EC0-301F-11D3-BF4B-00C04F79EFBC}") = "Silo", "src\Silo\Silo.csproj", "{2AD5E82D-BEFF-4F8C-ACDC-C755C1E90C08}"
EndProject
Project("{FAE04EC0-301F-11D3-BF4B-00C04F79EFBC}") = "Grains", "src\Grains\Grains.csproj", "{CD24A6E0-0AE3-45A5-9BE0-821A027ED73A}"
EndProject
Project("{FAE04EC0-301F-11D3-BF4B-00C04F79EFBC}") = "Grains.Abstractions", "src\Grains.Abstractions\Grains.Abstractions.csproj", "{4BB3A38E-7E54-4C5E-B5D4-1EEB41964F79}"
EndProject
Project("{FAE04EC0-301F-11D3-BF4B-00C04F79EFBC}") = "Data", "src\Data\Data.csproj", "{C8438E0F-1A8B-4A66-93B8-3F2838CA3266}"
EndProject
Project("{FAE04EC0-301F-11D3-BF4B-00C04F79EFBC}") = "Oes", "src\Oes\Oes.csproj", "{028537B1-8A24-40F0-8024-B619D0866054}"
EndProject
Global
	GlobalSection(SolutionConfigurationPlatforms) = preSolution
		Debug|Any CPU = Debug|Any CPU
		Release|Any CPU = Release|Any CPU
	EndGlobalSection
	GlobalSection(SolutionProperties) = preSolution
		HideSolutionNode = FALSE
	EndGlobalSection
	GlobalSection(ProjectConfigurationPlatforms) = postSolution
		{2AD5E82D-BEFF-4F8C-ACDC-C755C1E90C08}.Debug|Any CPU.ActiveCfg = Debug|Any CPU
		{2AD5E82D-BEFF-4F8C-ACDC-C755C1E90C08}.Debug|Any CPU.Build.0 = Debug|Any CPU
		{2AD5E82D-BEFF-4F8C-ACDC-C755C1E90C08}.Release|Any CPU.ActiveCfg = Release|Any CPU
		{2AD5E82D-BEFF-4F8C-ACDC-C755C1E90C08}.Release|Any CPU.Build.0 = Release|Any CPU
		{CD24A6E0-0AE3-45A5-9BE0-821A027ED73A}.Debug|Any CPU.ActiveCfg = Debug|Any CPU
		{CD24A6E0-0AE3-45A5-9BE0-821A027ED73A}.Debug|Any CPU.Build.0 = Debug|Any CPU
		{CD24A6E0-0AE3-45A5-9BE0-821A027ED73A}.Release|Any CPU.ActiveCfg = Release|Any CPU
		{CD24A6E0-0AE3-45A5-9BE0-821A027ED73A}.Release|Any CPU.Build.0 = Release|Any CPU
		{4BB3A38E-7E54-4C5E-B5D4-1EEB41964F79}.Debug|Any CPU.ActiveCfg = Debug|Any CPU
		{4BB3A38E-7E54-4C5E-B5D4-1EEB41964F79}.Debug|Any CPU.Build.0 = Debug|Any CPU
		{4BB3A38E-7E54-4C5E-B5D4-1EEB41964F79}.Release|Any CPU.ActiveCfg = Release|Any CPU
		{4BB3A38E-7E54-4C5E-B5D4-1EEB41964F79}.Release|Any CPU.Build.0 = Release|Any CPU
		{C8438E0F-1A8B-4A66-93B8-3F2838CA3266}.Debug|Any CPU.ActiveCfg = Debug|Any CPU
		{C8438E0F-1A8B-4A66-93B8-3F2838CA3266}.Debug|Any CPU.Build.0 = Debug|Any CPU
		{C8438E0F-1A8B-4A66-93B8-3F2838CA3266}.Release|Any CPU.ActiveCfg = Release|Any CPU
		{C8438E0F-1A8B-4A66-93B8-3F2838CA3266}.Release|Any CPU.Build.0 = Release|Any CPU
		{028537B1-8A24-40F0-8024-B619D0866054}.Debug|Any CPU.ActiveCfg = Debug|Any CPU
		{028537B1-8A24-40F0-8024-B619D0866054}.Debug|Any CPU.Build.0 = Debug|Any CPU
		{028537B1-8A24-40F0-8024-B619D0866054}.Release|Any CPU.ActiveCfg = Release|Any CPU
		{028537B1-8A24-40F0-8024-B619D0866054}.Release|Any CPU.Build.0 = Release|Any CPU
	EndGlobalSection
	GlobalSection(NestedProjects) = preSolution
		{2AD5E82D-BEFF-4F8C-ACDC-C755C1E90C08} = {6A8CA149-A7E4-4EF6-8233-D9E7CA6C415E}
		{CD24A6E0-0AE3-45A5-9BE0-821A027ED73A} = {6A8CA149-A7E4-4EF6-8233-D9E7CA6C415E}
		{4BB3A38E-7E54-4C5E-B5D4-1EEB41964F79} = {6A8CA149-A7E4-4EF6-8233-D9E7CA6C415E}
		{C8438E0F-1A8B-4A66-93B8-3F2838CA3266} = {6A8CA149-A7E4-4EF6-8233-D9E7CA6C415E}
		{028537B1-8A24-40F0-8024-B619D0866054} = {6A8CA149-A7E4-4EF6-8233-D9E7CA6C415E}
	EndGlobalSection
EndGlobal
